
Microsoft Visual Studio Solution File, Format Version 12.00
# Visual Studio Version 17
VisualStudioVersion = 17.0.31919.166
MinimumVisualStudioVersion = 10.0.40219.1
Project("{9A19103F-16F7-4668-BE54-9A1E7A4F7556}") = "SahenAPIv2", "SahenDBv2\SahenAPIv2.csproj", "{D7382381-6173-432A-BF2C-009B2C5E21CC}"
EndProject
Global
	GlobalSection(SolutionConfigurationPlatforms) = preSolution
		Debug|Any CPU = Debug|Any CPU
		Release|Any CPU = Release|Any CPU
	EndGlobalSection
	GlobalSection(ProjectConfigurationPlatforms) = postSolution
		{D7382381-6173-432A-BF2C-009B2C5E21CC}.Debug|Any CPU.ActiveCfg = Debug|Any CPU
		{D7382381-6173-432A-BF2C-009B2C5E21CC}.Debug|Any CPU.Build.0 = Debug|Any CPU
		{D7382381-6173-432A-BF2C-009B2C5E21CC}.Release|Any CPU.ActiveCfg = Release|Any CPU
		{D7382381-6173-432A-BF2C-009B2C5E21CC}.Release|Any CPU.Build.0 = Release|Any CPU
	EndGlobalSection
	GlobalSection(SolutionProperties) = preSolution
		HideSolutionNode = FALSE
	EndGlobalSection
	GlobalSection(ExtensibilityGlobals) = postSolution
		SolutionGuid = {84201407-AFF8-4092-9C8C-3E58266CA5E9}
	EndGlobalSection
EndGlobal
